
Microsoft Visual Studio Solution File, Format Version 12.00
# Visual Studio Version 17
VisualStudioVersion = 17.14.37012.4 d17.14
MinimumVisualStudioVersion = 10.0.40219.1
Project("{FAE04EC0-301F-11D3-BF4B-00C04F79EFBC}") = "5.Temperatura", "5.Temperatura\5.Temperatura.csproj", "{005156C5-FBF1-41D9-91F8-D2DF8A3D3353}"
EndProject
Global
	GlobalSection(SolutionConfigurationPlatforms) = preSolution
		Debug|Any CPU = Debug|Any CPU
		Release|Any CPU = Release|Any CPU
	EndGlobalSection
	GlobalSection(ProjectConfigurationPlatforms) = postSolution
		{005156C5-FBF1-41D9-91F8-D2DF8A3D3353}.Debug|Any CPU.ActiveCfg = Debug|Any CPU
		{005156C5-FBF1-41D9-91F8-D2DF8A3D3353}.Debug|Any CPU.Build.0 = Debug|Any CPU
		{005156C5-FBF1-41D9-91F8-D2DF8A3D3353}.Release|Any CPU.ActiveCfg = Release|Any CPU
		{005156C5-FBF1-41D9-91F8-D2DF8A3D3353}.Release|Any CPU.Build.0 = Release|Any CPU
	EndGlobalSection
	GlobalSection(SolutionProperties) = preSolution
		HideSolutionNode = FALSE
	EndGlobalSection
	GlobalSection(ExtensibilityGlobals) = postSolution
		SolutionGuid = {2A7C42A7-4861-4324-A0BC-815078C71A8D}
	EndGlobalSection
EndGlobal
